
Microsoft Visual Studio Solution File, Format Version 12.00
# Visual Studio 15
Project("{FAE04EC0-301F-11D3-BF4B-00C04F79EFBC}") = "VehicleManagementSystem", "VehicleManagementSystem\VehicleManagementSystem.csproj", "{FEB4E6F4-15B9-4792-80D0-C8179D1BD924}"
EndProject
Project("{FAE04EC0-301F-11D3-BF4B-00C04F79EFBC}") = "VehicleManagementSystemTests", "VehicleManagementSystemTests\VehicleManagementSystemTests.csproj", "{7FD17F3A-DD6C-422E-B64A-20BE42737847}"
EndProject
Global
	GlobalSection(SolutionConfigurationPlatforms) = preSolution
		Debug|Any CPU = Debug|Any CPU
		Release|Any CPU = Release|Any CPU
	EndGlobalSection
	GlobalSection(ProjectConfigurationPlatforms) = postSolution
		{FEB4E6F4-15B9-4792-80D0-C8179D1BD924}.Debug|Any CPU.ActiveCfg = Debug|Any CPU
		{FEB4E6F4-15B9-4792-80D0-C8179D1BD924}.Debug|Any CPU.Build.0 = Debug|Any CPU
		{FEB4E6F4-15B9-4792-80D0-C8179D1BD924}.Release|Any CPU.ActiveCfg = Release|Any CPU
		{FEB4E6F4-15B9-4792-80D0-C8179D1BD924}.Release|Any CPU.Build.0 = Release|Any CPU
		{7FD17F3A-DD6C-422E-B64A-20BE42737847}.Debug|Any CPU.ActiveCfg = Debug|Any CPU
		{7FD17F3A-DD6C-422E-B64A-20BE42737847}.Debug|Any CPU.Build.0 = Debug|Any CPU
		{7FD17F3A-DD6C-422E-B64A-20BE42737847}.Release|Any CPU.ActiveCfg = Release|Any CPU
		{7FD17F3A-DD6C-422E-B64A-20BE42737847}.Release|Any CPU.Build.0 = Release|Any CPU
	EndGlobalSection
EndGlobal
